
Microsoft Visual Studio Solution File, Format Version 12.00
# Visual Studio Version 16
VisualStudioVersion = 16.0.30128.74
MinimumVisualStudioVersion = 10.0.40219.1
Project("{FAE04EC0-301F-11D3-BF4B-00C04F79EFBC}") = "api test", "api test.csproj", "{ABC71EC6-256C-46BA-B05C-99766133874F}"
EndProject
Global
	GlobalSection(SolutionConfigurationPlatforms) = preSolution
		Debug|Any CPU = Debug|Any CPU
		Release|Any CPU = Release|Any CPU
	EndGlobalSection
	GlobalSection(ProjectConfigurationPlatforms) = postSolution
		{ABC71EC6-256C-46BA-B05C-99766133874F}.Debug|Any CPU.ActiveCfg = Debug|Any CPU
		{ABC71EC6-256C-46BA-B05C-99766133874F}.Debug|Any CPU.Build.0 = Debug|Any CPU
		{ABC71EC6-256C-46BA-B05C-99766133874F}.Release|Any CPU.ActiveCfg = Release|Any CPU
		{ABC71EC6-256C-46BA-B05C-99766133874F}.Release|Any CPU.Build.0 = Release|Any CPU
	EndGlobalSection
	GlobalSection(SolutionProperties) = preSolution
		HideSolutionNode = FALSE
	EndGlobalSection
	GlobalSection(ExtensibilityGlobals) = postSolution
		SolutionGuid = {A6952D17-A76B-4857-A8D2-CE0FC733D2B4}
	EndGlobalSection
EndGlobal
